// !$*UTF8*$!
{
	archiveVersion = 1;
	classes = {
	};
	objectVersion = 51;
	objects = {

/* Begin PBXBuildFile section */
		0B30CFF11169ED2CBFAA939C /* Pods_Deporte.framework in Frameworks */ = {isa = PBXBuildFile; fileRef = 3007A20987D7926817DA764D /* Pods_Deporte.framework */; };
		2B51A48027AA8B0500642B0F /* LeagueDetails.storyboard in Resources */ = {isa = PBXBuildFile; fileRef = 2B51A47F27AA8B0500642B0F /* LeagueDetails.storyboard */; };
		2B51A48527AA8BC000642B0F /* UpComingTableViewCell.swift in Sources */ = {isa = PBXBuildFile; fileRef = 2B51A48327AA8BC000642B0F /* UpComingTableViewCell.swift */; };
		2B51A48627AA8BC000642B0F /* UpComingTableViewCell.xib in Resources */ = {isa = PBXBuildFile; fileRef = 2B51A48427AA8BC000642B0F /* UpComingTableViewCell.xib */; };
		2B51A48927AA8BE400642B0F /* LatestEventsTableViewCell.swift in Sources */ = {isa = PBXBuildFile; fileRef = 2B51A48727AA8BE400642B0F /* LatestEventsTableViewCell.swift */; };
		2B51A48A27AA8BE400642B0F /* LatestEventsTableViewCell.xib in Resources */ = {isa = PBXBuildFile; fileRef = 2B51A48827AA8BE400642B0F /* LatestEventsTableViewCell.xib */; };
		2B51A48D27AA8C2500642B0F /* TeamsTableViewCell.swift in Sources */ = {isa = PBXBuildFile; fileRef = 2B51A48B27AA8C2500642B0F /* TeamsTableViewCell.swift */; };
		2B51A48E27AA8C2500642B0F /* TeamsTableViewCell.xib in Resources */ = {isa = PBXBuildFile; fileRef = 2B51A48C27AA8C2500642B0F /* TeamsTableViewCell.xib */; };
		2B51A49427AA8CA200642B0F /* UpComingEventCollectionViewCell.swift in Sources */ = {isa = PBXBuildFile; fileRef = 2B51A49227AA8CA200642B0F /* UpComingEventCollectionViewCell.swift */; };
		2B51A49527AA8CA200642B0F /* UpComingEventCollectionViewCell.xib in Resources */ = {isa = PBXBuildFile; fileRef = 2B51A49327AA8CA200642B0F /* UpComingEventCollectionViewCell.xib */; };
		2B51A49C27AA8CDB00642B0F /* TeamCollectionViewCell.swift in Sources */ = {isa = PBXBuildFile; fileRef = 2B51A49A27AA8CDB00642B0F /* TeamCollectionViewCell.swift */; };
		2B51A49D27AA8CDB00642B0F /* TeamCollectionViewCell.xib in Resources */ = {isa = PBXBuildFile; fileRef = 2B51A49B27AA8CDB00642B0F /* TeamCollectionViewCell.xib */; };
		2BEA57C227ABE3260062ECBE /* LeagueDetailsViewController.swift in Sources */ = {isa = PBXBuildFile; fileRef = 2BEA57C127ABE3260062ECBE /* LeagueDetailsViewController.swift */; };
		2BEA57C627ABEDBD0062ECBE /* TeamDetailsViewController.swift in Sources */ = {isa = PBXBuildFile; fileRef = 2BEA57C527ABEDBD0062ECBE /* TeamDetailsViewController.swift */; };
		2BEA57CC27AE79760062ECBE /* LeagueDetailsPresenter.swift in Sources */ = {isa = PBXBuildFile; fileRef = 2BEA57CB27AE79760062ECBE /* LeagueDetailsPresenter.swift */; };
		2BEA57D127AE7BDB0062ECBE /* UpComingEventsNetworking.swift in Sources */ = {isa = PBXBuildFile; fileRef = 2BEA57D027AE7BDB0062ECBE /* UpComingEventsNetworking.swift */; };
		2BEA57D327AE95240062ECBE /* UpComingEventsAPI.swift in Sources */ = {isa = PBXBuildFile; fileRef = 2BEA57D227AE95240062ECBE /* UpComingEventsAPI.swift */; };
		2BEA57D527AEB1CB0062ECBE /* EventResponse.swift in Sources */ = {isa = PBXBuildFile; fileRef = 2BEA57D427AEB1CB0062ECBE /* EventResponse.swift */; };
		2BEA57D727AEB8660062ECBE /* LatestEventsNetworking.swift in Sources */ = {isa = PBXBuildFile; fileRef = 2BEA57D627AEB8660062ECBE /* LatestEventsNetworking.swift */; };
		2BEA57D927AEE2C90062ECBE /* LatestEventsAPI.swift in Sources */ = {isa = PBXBuildFile; fileRef = 2BEA57D827AEE2C90062ECBE /* LatestEventsAPI.swift */; };
		2BEA57DF27B07EB00062ECBE /* HelperExtensions.swift in Sources */ = {isa = PBXBuildFile; fileRef = 2BEA57DE27B07EAF0062ECBE /* HelperExtensions.swift */; };
		2BFABF3F27AB188B0058919D /* LatestEventCollectionViewCell.swift in Sources */ = {isa = PBXBuildFile; fileRef = 2BFABF3D27AB188B0058919D /* LatestEventCollectionViewCell.swift */; };
		2BFABF4027AB188B0058919D /* LatestEventCollectionViewCell.xib in Resources */ = {isa = PBXBuildFile; fileRef = 2BFABF3E27AB188B0058919D /* LatestEventCollectionViewCell.xib */; };
		2BFABF4227AB39050058919D /* arsenal.png in Resources */ = {isa = PBXBuildFile; fileRef = 2BFABF4127AB39040058919D /* arsenal.png */; };
		2BFABF4427AB396F0058919D /* chelsea.png in Resources */ = {isa = PBXBuildFile; fileRef = 2BFABF4327AB396F0058919D /* chelsea.png */; };
		B60A3D2F27A8133100BAE168 /* HomePresenter.swift in Sources */ = {isa = PBXBuildFile; fileRef = B60A3D2E27A8133100BAE168 /* HomePresenter.swift */; };
		B60A3D3927A8ABAA00BAE168 /* UIView.swift in Sources */ = {isa = PBXBuildFile; fileRef = B60A3D3827A8ABAA00BAE168 /* UIView.swift */; };
		B61C39FE27A4608600B2C8AA /* TabBarVC.swift in Sources */ = {isa = PBXBuildFile; fileRef = B61C39FD27A4608600B2C8AA /* TabBarVC.swift */; };
		B61C3A0027A462C100B2C8AA /* SportsCollectionViewCell.swift in Sources */ = {isa = PBXBuildFile; fileRef = B61C39FF27A462C100B2C8AA /* SportsCollectionViewCell.swift */; };
		B61F7F5D27A419AD002C014F /* AppDelegate.swift in Sources */ = {isa = PBXBuildFile; fileRef = B61F7F5C27A419AD002C014F /* AppDelegate.swift */; };
		B61F7F5F27A419AD002C014F /* SceneDelegate.swift in Sources */ = {isa = PBXBuildFile; fileRef = B61F7F5E27A419AD002C014F /* SceneDelegate.swift */; };
		B61F7F6427A419AD002C014F /* Main.storyboard in Resources */ = {isa = PBXBuildFile; fileRef = B61F7F6227A419AD002C014F /* Main.storyboard */; };
		B61F7F6727A419AD002C014F /* Deporte.xcdatamodeld in Sources */ = {isa = PBXBuildFile; fileRef = B61F7F6527A419AD002C014F /* Deporte.xcdatamodeld */; };
		B61F7F6927A419AE002C014F /* Assets.xcassets in Resources */ = {isa = PBXBuildFile; fileRef = B61F7F6827A419AE002C014F /* Assets.xcassets */; };
		B61F7F6C27A419AE002C014F /* LaunchScreen.storyboard in Resources */ = {isa = PBXBuildFile; fileRef = B61F7F6A27A419AE002C014F /* LaunchScreen.storyboard */; };
		B61F7F7A27A44804002C014F /* HomeSportsViewController.swift in Sources */ = {isa = PBXBuildFile; fileRef = B61F7F7927A44804002C014F /* HomeSportsViewController.swift */; };
		B61F7F7C27A448C7002C014F /* FavouritesTableViewController.swift in Sources */ = {isa = PBXBuildFile; fileRef = B61F7F7B27A448C7002C014F /* FavouritesTableViewController.swift */; };
		B61F7F7E27A449EA002C014F /* LeaguesTableViewController.swift in Sources */ = {isa = PBXBuildFile; fileRef = B61F7F7D27A449EA002C014F /* LeaguesTableViewController.swift */; };
		B628A7CF27AC883B00700DFA /* HomeVCExtension.swift in Sources */ = {isa = PBXBuildFile; fileRef = B628A7CE27AC883B00700DFA /* HomeVCExtension.swift */; };
		B628A7D327AC891B00700DFA /* TabBarVCExtention.swift in Sources */ = {isa = PBXBuildFile; fileRef = B628A7D227AC891B00700DFA /* TabBarVCExtention.swift */; };
		B628A7D527AC896300700DFA /* HomeVCExtention+Functions.swift in Sources */ = {isa = PBXBuildFile; fileRef = B628A7D427AC896300700DFA /* HomeVCExtention+Functions.swift */; };
		B628A7D927AC8A2F00700DFA /* FavVCExtension.swift in Sources */ = {isa = PBXBuildFile; fileRef = B628A7D827AC8A2F00700DFA /* FavVCExtension.swift */; };
		B628A7DC27AC8B1600700DFA /* LeaguesVCExtension.swift in Sources */ = {isa = PBXBuildFile; fileRef = B628A7DB27AC8B1600700DFA /* LeaguesVCExtension.swift */; };
		B69859B927ADC29200E65C90 /* Team.swift in Sources */ = {isa = PBXBuildFile; fileRef = B69859B827ADC29200E65C90 /* Team.swift */; };
		B69859BB27ADC67C00E65C90 /* TeamsAPI.swift in Sources */ = {isa = PBXBuildFile; fileRef = B69859BA27ADC67C00E65C90 /* TeamsAPI.swift */; };
		B69859BD27ADC6D100E65C90 /* TeamsNetworking.swift in Sources */ = {isa = PBXBuildFile; fileRef = B69859BC27ADC6D100E65C90 /* TeamsNetworking.swift */; };
		B69859BF27ADCB8100E65C90 /* TeamPresenter.swift in Sources */ = {isa = PBXBuildFile; fileRef = B69859BE27ADCB8100E65C90 /* TeamPresenter.swift */; };
		B69859C527ADECEA00E65C90 /* TeamDetailsVCExtension.swift in Sources */ = {isa = PBXBuildFile; fileRef = B69859C427ADECEA00E65C90 /* TeamDetailsVCExtension.swift */; };
		B69859C827ADED9A00E65C90 /* LeagueDetailsVCExtension.swift in Sources */ = {isa = PBXBuildFile; fileRef = B69859C727ADED9A00E65C90 /* LeagueDetailsVCExtension.swift */; };
		B6B09B9927A60B7A0024F5C7 /* LeaguesTableViewCell.swift in Sources */ = {isa = PBXBuildFile; fileRef = B6B09B9827A60B7A0024F5C7 /* LeaguesTableViewCell.swift */; };
		B6C772ED27A9D6FA005A6821 /* BaseAPI.swift in Sources */ = {isa = PBXBuildFile; fileRef = B6C772EC27A9D6FA005A6821 /* BaseAPI.swift */; };
		B6C772EF27A9D724005A6821 /* TargetType.swift in Sources */ = {isa = PBXBuildFile; fileRef = B6C772EE27A9D724005A6821 /* TargetType.swift */; };
		B6C772F227A9EA55005A6821 /* AllSportsNetworking.swift in Sources */ = {isa = PBXBuildFile; fileRef = B6C772F127A9EA55005A6821 /* AllSportsNetworking.swift */; };
		B6C772F427A9EA82005A6821 /* Constants.swift in Sources */ = {isa = PBXBuildFile; fileRef = B6C772F327A9EA82005A6821 /* Constants.swift */; };
		B6C772F627A9EE89005A6821 /* AllSportsAPI.swift in Sources */ = {isa = PBXBuildFile; fileRef = B6C772F527A9EE89005A6821 /* AllSportsAPI.swift */; };
		B6C772F827AA010A005A6821 /* LeaguesPresenter.swift in Sources */ = {isa = PBXBuildFile; fileRef = B6C772F727AA010A005A6821 /* LeaguesPresenter.swift */; };
		B6C772FA27AA018F005A6821 /* Marks.swift in Sources */ = {isa = PBXBuildFile; fileRef = B6C772F927AA018F005A6821 /* Marks.swift */; };
		B6C772FF27AA03A1005A6821 /* League.swift in Sources */ = {isa = PBXBuildFile; fileRef = B6C772FE27AA03A1005A6821 /* League.swift */; };
		B6C7730127AA0618005A6821 /* LeaguesNetworking.swift in Sources */ = {isa = PBXBuildFile; fileRef = B6C7730027AA0618005A6821 /* LeaguesNetworking.swift */; };
		B6C7730327AA0916005A6821 /* LeaguesAPI.swift in Sources */ = {isa = PBXBuildFile; fileRef = B6C7730227AA0916005A6821 /* LeaguesAPI.swift */; };
		B6D0783F27AB6BAD00D87580 /* NetworkMonitor.swift in Sources */ = {isa = PBXBuildFile; fileRef = B6D0783E27AB6BAD00D87580 /* NetworkMonitor.swift */; };
		B6D2C5A027A49A890047D06A /* Sport.swift in Sources */ = {isa = PBXBuildFile; fileRef = B6D2C59F27A49A890047D06A /* Sport.swift */; };
		B6D2C5A227A4A64B0047D06A /* FavTableViewCell.swift in Sources */ = {isa = PBXBuildFile; fileRef = B6D2C5A127A4A64B0047D06A /* FavTableViewCell.swift */; };
		B6FA3BE027B1AFC30007E0AA /* DeporteTests.swift in Sources */ = {isa = PBXBuildFile; fileRef = B6FA3BDF27B1AFC30007E0AA /* DeporteTests.swift */; };
		B6FA3BE827B1B14E0007E0AA /* AllLeaguesTests.swift in Sources */ = {isa = PBXBuildFile; fileRef = B6FA3BE727B1B14E0007E0AA /* AllLeaguesTests.swift */; };
		B6FA3BEA27B1B47D0007E0AA /* AllTeamsForLeagueTests.swift in Sources */ = {isa = PBXBuildFile; fileRef = B6FA3BE927B1B47D0007E0AA /* AllTeamsForLeagueTests.swift */; };
/* End PBXBuildFile section */

/* Begin PBXContainerItemProxy section */
		B6FA3BE227B1AFC30007E0AA /* PBXContainerItemProxy */ = {
			isa = PBXContainerItemProxy;
			containerPortal = B61F7F5127A419AD002C014F /* Project object */;
			proxyType = 1;
			remoteGlobalIDString = B61F7F5827A419AD002C014F;
			remoteInfo = Deporte;
		};
/* End PBXContainerItemProxy section */

/* Begin PBXFileReference section */
		231CEE56EE24545B8C39B2DB /* Pods-Deporte.release.xcconfig */ = {isa = PBXFileReference; includeInIndex = 1; lastKnownFileType = text.xcconfig; name = "Pods-Deporte.release.xcconfig"; path = "Target Support Files/Pods-Deporte/Pods-Deporte.release.xcconfig"; sourceTree = "<group>"; };
		2B51A47F27AA8B0500642B0F /* LeagueDetails.storyboard */ = {isa = PBXFileReference; lastKnownFileType = file.storyboard; path = LeagueDetails.storyboard; sourceTree = "<group>"; };
		2B51A48327AA8BC000642B0F /* UpComingTableViewCell.swift */ = {isa = PBXFileReference; lastKnownFileType = sourcecode.swift; path = UpComingTableViewCell.swift; sourceTree = "<group>"; };
		2B51A48427AA8BC000642B0F /* UpComingTableViewCell.xib */ = {isa = PBXFileReference; lastKnownFileType = file.xib; path = UpComingTableViewCell.xib; sourceTree = "<group>"; };
		2B51A48727AA8BE400642B0F /* LatestEventsTableViewCell.swift */ = {isa = PBXFileReference; lastKnownFileType = sourcecode.swift; path = LatestEventsTableViewCell.swift; sourceTree = "<group>"; };
		2B51A48827AA8BE400642B0F /* LatestEventsTableViewCell.xib */ = {isa = PBXFileReference; lastKnownFileType = file.xib; path = LatestEventsTableViewCell.xib; sourceTree = "<group>"; };
		2B51A48B27AA8C2500642B0F /* TeamsTableViewCell.swift */ = {isa = PBXFileReference; lastKnownFileType = sourcecode.swift; path = TeamsTableViewCell.swift; sourceTree = "<group>"; };
		2B51A48C27AA8C2500642B0F /* TeamsTableViewCell.xib */ = {isa = PBXFileReference; lastKnownFileType = file.xib; path = TeamsTableViewCell.xib; sourceTree = "<group>"; };
		2B51A49227AA8CA200642B0F /* UpComingEventCollectionViewCell.swift */ = {isa = PBXFileReference; lastKnownFileType = sourcecode.swift; path = UpComingEventCollectionViewCell.swift; sourceTree = "<group>"; };
		2B51A49327AA8CA200642B0F /* UpComingEventCollectionViewCell.xib */ = {isa = PBXFileReference; lastKnownFileType = file.xib; path = UpComingEventCollectionViewCell.xib; sourceTree = "<group>"; };
		2B51A49A27AA8CDB00642B0F /* TeamCollectionViewCell.swift */ = {isa = PBXFileReference; lastKnownFileType = sourcecode.swift; path = TeamCollectionViewCell.swift; sourceTree = "<group>"; };
		2B51A49B27AA8CDB00642B0F /* TeamCollectionViewCell.xib */ = {isa = PBXFileReference; lastKnownFileType = file.xib; path = TeamCollectionViewCell.xib; sourceTree = "<group>"; };
		2BEA57C127ABE3260062ECBE /* LeagueDetailsViewController.swift */ = {isa = PBXFileReference; lastKnownFileType = sourcecode.swift; path = LeagueDetailsViewController.swift; sourceTree = "<group>"; };
		2BEA57C527ABEDBD0062ECBE /* TeamDetailsViewController.swift */ = {isa = PBXFileReference; lastKnownFileType = sourcecode.swift; path = TeamDetailsViewController.swift; sourceTree = "<group>"; };
		2BEA57CB27AE79760062ECBE /* LeagueDetailsPresenter.swift */ = {isa = PBXFileReference; lastKnownFileType = sourcecode.swift; path = LeagueDetailsPresenter.swift; sourceTree = "<group>"; };
		2BEA57D027AE7BDB0062ECBE /* UpComingEventsNetworking.swift */ = {isa = PBXFileReference; lastKnownFileType = sourcecode.swift; path = UpComingEventsNetworking.swift; sourceTree = "<group>"; };
		2BEA57D227AE95240062ECBE /* UpComingEventsAPI.swift */ = {isa = PBXFileReference; lastKnownFileType = sourcecode.swift; path = UpComingEventsAPI.swift; sourceTree = "<group>"; };
		2BEA57D427AEB1CB0062ECBE /* EventResponse.swift */ = {isa = PBXFileReference; lastKnownFileType = sourcecode.swift; path = EventResponse.swift; sourceTree = "<group>"; };
		2BEA57D627AEB8660062ECBE /* LatestEventsNetworking.swift */ = {isa = PBXFileReference; lastKnownFileType = sourcecode.swift; path = LatestEventsNetworking.swift; sourceTree = "<group>"; };
		2BEA57D827AEE2C90062ECBE /* LatestEventsAPI.swift */ = {isa = PBXFileReference; lastKnownFileType = sourcecode.swift; path = LatestEventsAPI.swift; sourceTree = "<group>"; };
		2BEA57DE27B07EAF0062ECBE /* HelperExtensions.swift */ = {isa = PBXFileReference; lastKnownFileType = sourcecode.swift; path = HelperExtensions.swift; sourceTree = "<group>"; };
		2BFABF3D27AB188B0058919D /* LatestEventCollectionViewCell.swift */ = {isa = PBXFileReference; lastKnownFileType = sourcecode.swift; path = LatestEventCollectionViewCell.swift; sourceTree = "<group>"; };
		2BFABF3E27AB188B0058919D /* LatestEventCollectionViewCell.xib */ = {isa = PBXFileReference; lastKnownFileType = file.xib; path = LatestEventCollectionViewCell.xib; sourceTree = "<group>"; };
		2BFABF4127AB39040058919D /* arsenal.png */ = {isa = PBXFileReference; lastKnownFileType = image.png; path = arsenal.png; sourceTree = "<group>"; };
		2BFABF4327AB396F0058919D /* chelsea.png */ = {isa = PBXFileReference; lastKnownFileType = image.png; path = chelsea.png; sourceTree = "<group>"; };
		3007A20987D7926817DA764D /* Pods_Deporte.framework */ = {isa = PBXFileReference; explicitFileType = wrapper.framework; includeInIndex = 0; path = Pods_Deporte.framework; sourceTree = BUILT_PRODUCTS_DIR; };
		B60A3D2E27A8133100BAE168 /* HomePresenter.swift */ = {isa = PBXFileReference; lastKnownFileType = sourcecode.swift; path = HomePresenter.swift; sourceTree = "<group>"; };
		B60A3D3827A8ABAA00BAE168 /* UIView.swift */ = {isa = PBXFileReference; lastKnownFileType = sourcecode.swift; path = UIView.swift; sourceTree = "<group>"; };
		B61C39FD27A4608600B2C8AA /* TabBarVC.swift */ = {isa = PBXFileReference; lastKnownFileType = sourcecode.swift; path = TabBarVC.swift; sourceTree = "<group>"; };
		B61C39FF27A462C100B2C8AA /* SportsCollectionViewCell.swift */ = {isa = PBXFileReference; lastKnownFileType = sourcecode.swift; path = SportsCollectionViewCell.swift; sourceTree = "<group>"; };
		B61F7F5927A419AD002C014F /* Deporte.app */ = {isa = PBXFileReference; explicitFileType = wrapper.application; includeInIndex = 0; path = Deporte.app; sourceTree = BUILT_PRODUCTS_DIR; };
		B61F7F5C27A419AD002C014F /* AppDelegate.swift */ = {isa = PBXFileReference; lastKnownFileType = sourcecode.swift; path = AppDelegate.swift; sourceTree = "<group>"; };
		B61F7F5E27A419AD002C014F /* SceneDelegate.swift */ = {isa = PBXFileReference; lastKnownFileType = sourcecode.swift; path = SceneDelegate.swift; sourceTree = "<group>"; };
		B61F7F6327A419AD002C014F /* Base */ = {isa = PBXFileReference; lastKnownFileType = file.storyboard; name = Base; path = Base.lproj/Main.storyboard; sourceTree = "<group>"; };
		B61F7F6627A419AD002C014F /* Deporte.xcdatamodel */ = {isa = PBXFileReference; lastKnownFileType = wrapper.xcdatamodel; path = Deporte.xcdatamodel; sourceTree = "<group>"; };
		B61F7F6827A419AE002C014F /* Assets.xcassets */ = {isa = PBXFileReference; lastKnownFileType = folder.assetcatalog; path = Assets.xcassets; sourceTree = "<group>"; };
		B61F7F6B27A419AE002C014F /* Base */ = {isa = PBXFileReference; lastKnownFileType = file.storyboard; name = Base; path = Base.lproj/LaunchScreen.storyboard; sourceTree = "<group>"; };
		B61F7F6D27A419AE002C014F /* Info.plist */ = {isa = PBXFileReference; lastKnownFileType = text.plist.xml; path = Info.plist; sourceTree = "<group>"; };
		B61F7F7927A44804002C014F /* HomeSportsViewController.swift */ = {isa = PBXFileReference; lastKnownFileType = sourcecode.swift; path = HomeSportsViewController.swift; sourceTree = "<group>"; };
		B61F7F7B27A448C7002C014F /* FavouritesTableViewController.swift */ = {isa = PBXFileReference; lastKnownFileType = sourcecode.swift; path = FavouritesTableViewController.swift; sourceTree = "<group>"; };
		B61F7F7D27A449EA002C014F /* LeaguesTableViewController.swift */ = {isa = PBXFileReference; lastKnownFileType = sourcecode.swift; path = LeaguesTableViewController.swift; sourceTree = "<group>"; };
		B628A7CE27AC883B00700DFA /* HomeVCExtension.swift */ = {isa = PBXFileReference; lastKnownFileType = sourcecode.swift; path = HomeVCExtension.swift; sourceTree = "<group>"; };
		B628A7D227AC891B00700DFA /* TabBarVCExtention.swift */ = {isa = PBXFileReference; lastKnownFileType = sourcecode.swift; path = TabBarVCExtention.swift; sourceTree = "<group>"; };
		B628A7D427AC896300700DFA /* HomeVCExtention+Functions.swift */ = {isa = PBXFileReference; lastKnownFileType = sourcecode.swift; path = "HomeVCExtention+Functions.swift"; sourceTree = "<group>"; };
		B628A7D827AC8A2F00700DFA /* FavVCExtension.swift */ = {isa = PBXFileReference; lastKnownFileType = sourcecode.swift; path = FavVCExtension.swift; sourceTree = "<group>"; };
		B628A7DB27AC8B1600700DFA /* LeaguesVCExtension.swift */ = {isa = PBXFileReference; lastKnownFileType = sourcecode.swift; path = LeaguesVCExtension.swift; sourceTree = "<group>"; };
		B69859B827ADC29200E65C90 /* Team.swift */ = {isa = PBXFileReference; lastKnownFileType = sourcecode.swift; path = Team.swift; sourceTree = "<group>"; };
		B69859BA27ADC67C00E65C90 /* TeamsAPI.swift */ = {isa = PBXFileReference; lastKnownFileType = sourcecode.swift; path = TeamsAPI.swift; sourceTree = "<group>"; };
		B69859BC27ADC6D100E65C90 /* TeamsNetworking.swift */ = {isa = PBXFileReference; lastKnownFileType = sourcecode.swift; path = TeamsNetworking.swift; sourceTree = "<group>"; };
		B69859BE27ADCB8100E65C90 /* TeamPresenter.swift */ = {isa = PBXFileReference; lastKnownFileType = sourcecode.swift; path = TeamPresenter.swift; sourceTree = "<group>"; };
		B69859C427ADECEA00E65C90 /* TeamDetailsVCExtension.swift */ = {isa = PBXFileReference; lastKnownFileType = sourcecode.swift; path = TeamDetailsVCExtension.swift; sourceTree = "<group>"; };
		B69859C727ADED9A00E65C90 /* LeagueDetailsVCExtension.swift */ = {isa = PBXFileReference; lastKnownFileType = sourcecode.swift; path = LeagueDetailsVCExtension.swift; sourceTree = "<group>"; };
		B6B09B9827A60B7A0024F5C7 /* LeaguesTableViewCell.swift */ = {isa = PBXFileReference; lastKnownFileType = sourcecode.swift; path = LeaguesTableViewCell.swift; sourceTree = "<group>"; };
		B6C772EC27A9D6FA005A6821 /* BaseAPI.swift */ = {isa = PBXFileReference; lastKnownFileType = sourcecode.swift; path = BaseAPI.swift; sourceTree = "<group>"; };
		B6C772EE27A9D724005A6821 /* TargetType.swift */ = {isa = PBXFileReference; lastKnownFileType = sourcecode.swift; path = TargetType.swift; sourceTree = "<group>"; };
		B6C772F127A9EA55005A6821 /* AllSportsNetworking.swift */ = {isa = PBXFileReference; lastKnownFileType = sourcecode.swift; path = AllSportsNetworking.swift; sourceTree = "<group>"; };
		B6C772F327A9EA82005A6821 /* Constants.swift */ = {isa = PBXFileReference; lastKnownFileType = sourcecode.swift; path = Constants.swift; sourceTree = "<group>"; };
		B6C772F527A9EE89005A6821 /* AllSportsAPI.swift */ = {isa = PBXFileReference; lastKnownFileType = sourcecode.swift; path = AllSportsAPI.swift; sourceTree = "<group>"; };
		B6C772F727AA010A005A6821 /* LeaguesPresenter.swift */ = {isa = PBXFileReference; lastKnownFileType = sourcecode.swift; path = LeaguesPresenter.swift; sourceTree = "<group>"; };
		B6C772F927AA018F005A6821 /* Marks.swift */ = {isa = PBXFileReference; lastKnownFileType = sourcecode.swift; path = Marks.swift; sourceTree = "<group>"; };
		B6C772FE27AA03A1005A6821 /* League.swift */ = {isa = PBXFileReference; lastKnownFileType = sourcecode.swift; path = League.swift; sourceTree = "<group>"; };
		B6C7730027AA0618005A6821 /* LeaguesNetworking.swift */ = {isa = PBXFileReference; lastKnownFileType = sourcecode.swift; path = LeaguesNetworking.swift; sourceTree = "<group>"; };
		B6C7730227AA0916005A6821 /* LeaguesAPI.swift */ = {isa = PBXFileReference; lastKnownFileType = sourcecode.swift; path = LeaguesAPI.swift; sourceTree = "<group>"; };
		B6D0783E27AB6BAD00D87580 /* NetworkMonitor.swift */ = {isa = PBXFileReference; lastKnownFileType = sourcecode.swift; path = NetworkMonitor.swift; sourceTree = "<group>"; };
		B6D2C59F27A49A890047D06A /* Sport.swift */ = {isa = PBXFileReference; lastKnownFileType = sourcecode.swift; path = Sport.swift; sourceTree = "<group>"; };
		B6D2C5A127A4A64B0047D06A /* FavTableViewCell.swift */ = {isa = PBXFileReference; lastKnownFileType = sourcecode.swift; path = FavTableViewCell.swift; sourceTree = "<group>"; };
		B6FA3BDD27B1AFC30007E0AA /* DeporteTests.xctest */ = {isa = PBXFileReference; explicitFileType = wrapper.cfbundle; includeInIndex = 0; path = DeporteTests.xctest; sourceTree = BUILT_PRODUCTS_DIR; };
		B6FA3BDF27B1AFC30007E0AA /* DeporteTests.swift */ = {isa = PBXFileReference; lastKnownFileType = sourcecode.swift; path = DeporteTests.swift; sourceTree = "<group>"; };
		B6FA3BE127B1AFC30007E0AA /* Info.plist */ = {isa = PBXFileReference; lastKnownFileType = text.plist.xml; path = Info.plist; sourceTree = "<group>"; };
		B6FA3BE727B1B14E0007E0AA /* AllLeaguesTests.swift */ = {isa = PBXFileReference; lastKnownFileType = sourcecode.swift; path = AllLeaguesTests.swift; sourceTree = "<group>"; };
		B6FA3BE927B1B47D0007E0AA /* AllTeamsForLeagueTests.swift */ = {isa = PBXFileReference; lastKnownFileType = sourcecode.swift; path = AllTeamsForLeagueTests.swift; sourceTree = "<group>"; };
		C3C59F565D10D5BBDE52C0B5 /* Pods-Deporte.debug.xcconfig */ = {isa = PBXFileReference; includeInIndex = 1; lastKnownFileType = text.xcconfig; name = "Pods-Deporte.debug.xcconfig"; path = "Target Support Files/Pods-Deporte/Pods-Deporte.debug.xcconfig"; sourceTree = "<group>"; };
/* End PBXFileReference section */

/* Begin PBXFrameworksBuildPhase section */
		B61F7F5627A419AD002C014F /* Frameworks */ = {
			isa = PBXFrameworksBuildPhase;
			buildActionMask = 2147483647;
			files = (
				0B30CFF11169ED2CBFAA939C /* Pods_Deporte.framework in Frameworks */,
			);
			runOnlyForDeploymentPostprocessing = 0;
		};
		B6FA3BDA27B1AFC30007E0AA /* Frameworks */ = {
			isa = PBXFrameworksBuildPhase;
			buildActionMask = 2147483647;
			files = (
			);
			runOnlyForDeploymentPostprocessing = 0;
		};
/* End PBXFrameworksBuildPhase section */

/* Begin PBXGroup section */
		2B51A47E27AA8AAB00642B0F /* LeagueDetails */ = {
			isa = PBXGroup;
			children = (
				2B51A47F27AA8B0500642B0F /* LeagueDetails.storyboard */,
				2B51A48427AA8BC000642B0F /* UpComingTableViewCell.xib */,
				2B51A48827AA8BE400642B0F /* LatestEventsTableViewCell.xib */,
				2B51A48C27AA8C2500642B0F /* TeamsTableViewCell.xib */,
				2B51A49327AA8CA200642B0F /* UpComingEventCollectionViewCell.xib */,
				2B51A49B27AA8CDB00642B0F /* TeamCollectionViewCell.xib */,
				2BFABF3E27AB188B0058919D /* LatestEventCollectionViewCell.xib */,
			);
			path = LeagueDetails;
			sourceTree = "<group>";
		};
		2B51A48127AA8B6A00642B0F /* LeagueDetails */ = {
			isa = PBXGroup;
			children = (
				B69859C627ADED7500E65C90 /* Extensions */,
				B69859C027ADD4E900E65C90 /* Presenter */,
				2B51A48227AA8B7E00642B0F /* View */,
			);
			path = LeagueDetails;
			sourceTree = "<group>";
		};
		2B51A48227AA8B7E00642B0F /* View */ = {
			isa = PBXGroup;
			children = (
				2BEA57C127ABE3260062ECBE /* LeagueDetailsViewController.swift */,
				2B51A49127AA8C5E00642B0F /* Teams */,
				2B51A49027AA8C4300642B0F /* LatestEvents */,
				2B51A48F27AA8C2B00642B0F /* UpComingEvents */,
			);
			path = View;
			sourceTree = "<group>";
		};
		2B51A48F27AA8C2B00642B0F /* UpComingEvents */ = {
			isa = PBXGroup;
			children = (
				2B51A48327AA8BC000642B0F /* UpComingTableViewCell.swift */,
				2B51A49227AA8CA200642B0F /* UpComingEventCollectionViewCell.swift */,
			);
			path = UpComingEvents;
			sourceTree = "<group>";
		};
		2B51A49027AA8C4300642B0F /* LatestEvents */ = {
			isa = PBXGroup;
			children = (
				2B51A48727AA8BE400642B0F /* LatestEventsTableViewCell.swift */,
				2BFABF3D27AB188B0058919D /* LatestEventCollectionViewCell.swift */,
			);
			path = LatestEvents;
			sourceTree = "<group>";
		};
		2B51A49127AA8C5E00642B0F /* Teams */ = {
			isa = PBXGroup;
			children = (
				2B51A48B27AA8C2500642B0F /* TeamsTableViewCell.swift */,
				2B51A49A27AA8CDB00642B0F /* TeamCollectionViewCell.swift */,
			);
			path = Teams;
			sourceTree = "<group>";
		};
		2B7A8295A40B26BD354E6061 /* Frameworks */ = {
			isa = PBXGroup;
			children = (
				3007A20987D7926817DA764D /* Pods_Deporte.framework */,
			);
			name = Frameworks;
			sourceTree = "<group>";
		};
		2BEA57C327ABED890062ECBE /* TeamDetails */ = {
			isa = PBXGroup;
			children = (
				B69859B327ADC09700E65C90 /* Extensions */,
				B69859B227ADC08400E65C90 /* Presenter */,
				2BEA57C427ABED9E0062ECBE /* View */,
			);
			path = TeamDetails;
			sourceTree = "<group>";
		};
		2BEA57C427ABED9E0062ECBE /* View */ = {
			isa = PBXGroup;
			children = (
				2BEA57C527ABEDBD0062ECBE /* TeamDetailsViewController.swift */,
			);
			path = View;
			sourceTree = "<group>";
		};
		2BEA57CD27AE7B700062ECBE /* Events */ = {
			isa = PBXGroup;
			children = (
				2BEA57CF27AE7B840062ECBE /* UpComing */,
				2BEA57CE27AE7B790062ECBE /* Latest */,
			);
			path = Events;
			sourceTree = "<group>";
		};
		2BEA57CE27AE7B790062ECBE /* Latest */ = {
			isa = PBXGroup;
			children = (
				2BEA57D627AEB8660062ECBE /* LatestEventsNetworking.swift */,
				2BEA57D827AEE2C90062ECBE /* LatestEventsAPI.swift */,
			);
			path = Latest;
			sourceTree = "<group>";
		};
		2BEA57CF27AE7B840062ECBE /* UpComing */ = {
			isa = PBXGroup;
			children = (
				2BEA57D027AE7BDB0062ECBE /* UpComingEventsNetworking.swift */,
				2BEA57D227AE95240062ECBE /* UpComingEventsAPI.swift */,
			);
			path = UpComing;
			sourceTree = "<group>";
		};
		B60A3D3727A8AB8C00BAE168 /* Helpers */ = {
			isa = PBXGroup;
			children = (
				B60A3D3827A8ABAA00BAE168 /* UIView.swift */,
				2BEA57DE27B07EAF0062ECBE /* HelperExtensions.swift */,
			);
			path = Helpers;
			sourceTree = "<group>";
		};
		B61C39F927A45D2A00B2C8AA /* View */ = {
			isa = PBXGroup;
			children = (
				B61F7F7D27A449EA002C014F /* LeaguesTableViewController.swift */,
				B6B09B9827A60B7A0024F5C7 /* LeaguesTableViewCell.swift */,
			);
			path = View;
			sourceTree = "<group>";
		};
		B61C39FA27A45D3300B2C8AA /* View */ = {
			isa = PBXGroup;
			children = (
				B61F7F7B27A448C7002C014F /* FavouritesTableViewController.swift */,
				B6D2C5A127A4A64B0047D06A /* FavTableViewCell.swift */,
			);
			path = View;
			sourceTree = "<group>";
		};
		B61C39FB27A45D4300B2C8AA /* View */ = {
			isa = PBXGroup;
			children = (
				B61F7F7927A44804002C014F /* HomeSportsViewController.swift */,
				B61C39FF27A462C100B2C8AA /* SportsCollectionViewCell.swift */,
			);
			path = View;
			sourceTree = "<group>";
		};
		B61F7F5027A419AD002C014F = {
			isa = PBXGroup;
			children = (
				B61F7F5B27A419AD002C014F /* Deporte */,
				B6FA3BDE27B1AFC30007E0AA /* DeporteTests */,
				B61F7F5A27A419AD002C014F /* Products */,
				D8714B8070B4A28CBFF50108 /* Pods */,
				2B7A8295A40B26BD354E6061 /* Frameworks */,
			);
			sourceTree = "<group>";
		};
		B61F7F5A27A419AD002C014F /* Products */ = {
			isa = PBXGroup;
			children = (
				B61F7F5927A419AD002C014F /* Deporte.app */,
				B6FA3BDD27B1AFC30007E0AA /* DeporteTests.xctest */,
			);
			name = Products;
			sourceTree = "<group>";
		};
		B61F7F5B27A419AD002C014F /* Deporte */ = {
			isa = PBXGroup;
			children = (
				B6C772EA27A9D634005A6821 /* Services */,
				B60A3D3727A8AB8C00BAE168 /* Helpers */,
				B6D2C59C27A49A660047D06A /* Models */,
				B61F7F7427A44747002C014F /* Module */,
				B628A7D627AC89DA00700DFA /* Core */,
				B61F7F7327A424F7002C014F /* View */,
				2BFABF4327AB396F0058919D /* chelsea.png */,
				2BFABF4127AB39040058919D /* arsenal.png */,
				B61F7F6D27A419AE002C014F /* Info.plist */,
				B61F7F6527A419AD002C014F /* Deporte.xcdatamodeld */,
				B6C772F327A9EA82005A6821 /* Constants.swift */,
				B6C772F927AA018F005A6821 /* Marks.swift */,
			);
			path = Deporte;
			sourceTree = "<group>";
		};
		B61F7F7327A424F7002C014F /* View */ = {
			isa = PBXGroup;
			children = (
				2B51A47E27AA8AAB00642B0F /* LeagueDetails */,
				B61F7F6227A419AD002C014F /* Main.storyboard */,
				B61F7F6A27A419AE002C014F /* LaunchScreen.storyboard */,
			);
			path = View;
			sourceTree = "<group>";
		};
		B61F7F7427A44747002C014F /* Module */ = {
			isa = PBXGroup;
			children = (
				2BEA57C327ABED890062ECBE /* TeamDetails */,
				2B51A48127AA8B6A00642B0F /* LeagueDetails */,
				B61F7F7827A4478C002C014F /* Leagues */,
				B61F7F7727A44770002C014F /* Favourite */,
				B61F7F7627A44766002C014F /* Home */,
				B61F7F7527A4475B002C014F /* TabBar */,
			);
			path = Module;
			sourceTree = "<group>";
		};
		B61F7F7527A4475B002C014F /* TabBar */ = {
			isa = PBXGroup;
			children = (
				B628A7D027AC88EC00700DFA /* Extensions */,
				B628A7D127AC88FD00700DFA /* View */,
			);
			path = TabBar;
			sourceTree = "<group>";
		};
		B61F7F7627A44766002C014F /* Home */ = {
			isa = PBXGroup;
			children = (
				B628A7CD27AC87E000700DFA /* Extensions */,
				B6D2C59B27A499580047D06A /* Presenter */,
				B61C39FB27A45D4300B2C8AA /* View */,
			);
			path = Home;
			sourceTree = "<group>";
		};
		B61F7F7727A44770002C014F /* Favourite */ = {
			isa = PBXGroup;
			children = (
				B628A7D727AC8A1900700DFA /* Extensions */,
				B6D2C59A27A499400047D06A /* Presenter */,
				B61C39FA27A45D3300B2C8AA /* View */,
			);
			path = Favourite;
			sourceTree = "<group>";
		};
		B61F7F7827A4478C002C014F /* Leagues */ = {
			isa = PBXGroup;
			children = (
				B628A7DA27AC8AB300700DFA /* Extensions */,
				B6D2C59927A499300047D06A /* Presenter */,
				B61C39F927A45D2A00B2C8AA /* View */,
			);
			path = Leagues;
			sourceTree = "<group>";
		};
		B628A7CD27AC87E000700DFA /* Extensions */ = {
			isa = PBXGroup;
			children = (
				B628A7CE27AC883B00700DFA /* HomeVCExtension.swift */,
				B628A7D427AC896300700DFA /* HomeVCExtention+Functions.swift */,
			);
			path = Extensions;
			sourceTree = "<group>";
		};
		B628A7D027AC88EC00700DFA /* Extensions */ = {
			isa = PBXGroup;
			children = (
				B628A7D227AC891B00700DFA /* TabBarVCExtention.swift */,
			);
			path = Extensions;
			sourceTree = "<group>";
		};
		B628A7D127AC88FD00700DFA /* View */ = {
			isa = PBXGroup;
			children = (
				B61C39FD27A4608600B2C8AA /* TabBarVC.swift */,
			);
			path = View;
			sourceTree = "<group>";
		};
		B628A7D627AC89DA00700DFA /* Core */ = {
			isa = PBXGroup;
			children = (
				B61F7F5C27A419AD002C014F /* AppDelegate.swift */,
				B61F7F5E27A419AD002C014F /* SceneDelegate.swift */,
				B61F7F6827A419AE002C014F /* Assets.xcassets */,
			);
			path = Core;
			sourceTree = "<group>";
		};
		B628A7D727AC8A1900700DFA /* Extensions */ = {
			isa = PBXGroup;
			children = (
				B628A7D827AC8A2F00700DFA /* FavVCExtension.swift */,
			);
			path = Extensions;
			sourceTree = "<group>";
		};
		B628A7DA27AC8AB300700DFA /* Extensions */ = {
			isa = PBXGroup;
			children = (
				B628A7DB27AC8B1600700DFA /* LeaguesVCExtension.swift */,
			);
			path = Extensions;
			sourceTree = "<group>";
		};
		B69859B227ADC08400E65C90 /* Presenter */ = {
			isa = PBXGroup;
			children = (
				B69859BE27ADCB8100E65C90 /* TeamPresenter.swift */,
			);
			path = Presenter;
			sourceTree = "<group>";
		};
		B69859B327ADC09700E65C90 /* Extensions */ = {
			isa = PBXGroup;
			children = (
				B69859C427ADECEA00E65C90 /* TeamDetailsVCExtension.swift */,
			);
			path = Extensions;
			sourceTree = "<group>";
		};
		B69859B527ADC23700E65C90 /* AllTeams */ = {
			isa = PBXGroup;
			children = (
				B69859BA27ADC67C00E65C90 /* TeamsAPI.swift */,
				B69859BC27ADC6D100E65C90 /* TeamsNetworking.swift */,
			);
			path = AllTeams;
			sourceTree = "<group>";
		};
		B69859C027ADD4E900E65C90 /* Presenter */ = {
			isa = PBXGroup;
			children = (
				2BEA57CB27AE79760062ECBE /* LeagueDetailsPresenter.swift */,
			);
			path = Presenter;
			sourceTree = "<group>";
		};
		B69859C627ADED7500E65C90 /* Extensions */ = {
			isa = PBXGroup;
			children = (
				B69859C727ADED9A00E65C90 /* LeagueDetailsVCExtension.swift */,
			);
			path = Extensions;
			sourceTree = "<group>";
		};
		B6C772EA27A9D634005A6821 /* Services */ = {
			isa = PBXGroup;
			children = (
				B6C772FB27AA02D8005A6821 /* Networking */,
				B6C772EB27A9D673005A6821 /* Base */,
			);
			path = Services;
			sourceTree = "<group>";
		};
		B6C772EB27A9D673005A6821 /* Base */ = {
			isa = PBXGroup;
			children = (
				B6C772EC27A9D6FA005A6821 /* BaseAPI.swift */,
				B6C772EE27A9D724005A6821 /* TargetType.swift */,
				B6D0783E27AB6BAD00D87580 /* NetworkMonitor.swift */,
			);
			path = Base;
			sourceTree = "<group>";
		};
		B6C772F027A9E7C9005A6821 /* AllSports */ = {
			isa = PBXGroup;
			children = (
				B6C772F127A9EA55005A6821 /* AllSportsNetworking.swift */,
				B6C772F527A9EE89005A6821 /* AllSportsAPI.swift */,
			);
			path = AllSports;
			sourceTree = "<group>";
		};
		B6C772FB27AA02D8005A6821 /* Networking */ = {
			isa = PBXGroup;
			children = (
				2BEA57CD27AE7B700062ECBE /* Events */,
				B69859B527ADC23700E65C90 /* AllTeams */,
				B6C772FC27AA0366005A6821 /* AllLeagues */,
				B6C772F027A9E7C9005A6821 /* AllSports */,
			);
			path = Networking;
			sourceTree = "<group>";
		};
		B6C772FC27AA0366005A6821 /* AllLeagues */ = {
			isa = PBXGroup;
			children = (
				B6C7730027AA0618005A6821 /* LeaguesNetworking.swift */,
				B6C7730227AA0916005A6821 /* LeaguesAPI.swift */,
			);
			path = AllLeagues;
			sourceTree = "<group>";
		};
		B6D2C59927A499300047D06A /* Presenter */ = {
			isa = PBXGroup;
			children = (
				B6C772F727AA010A005A6821 /* LeaguesPresenter.swift */,
			);
			path = Presenter;
			sourceTree = "<group>";
		};
		B6D2C59A27A499400047D06A /* Presenter */ = {
			isa = PBXGroup;
			children = (
			);
			path = Presenter;
			sourceTree = "<group>";
		};
		B6D2C59B27A499580047D06A /* Presenter */ = {
			isa = PBXGroup;
			children = (
				B60A3D2E27A8133100BAE168 /* HomePresenter.swift */,
			);
			path = Presenter;
			sourceTree = "<group>";
		};
		B6D2C59C27A49A660047D06A /* Models */ = {
			isa = PBXGroup;
			children = (
				B6C772FE27AA03A1005A6821 /* League.swift */,
				B6D2C59F27A49A890047D06A /* Sport.swift */,
				B69859B827ADC29200E65C90 /* Team.swift */,
				2BEA57D427AEB1CB0062ECBE /* EventResponse.swift */,
			);
			path = Models;
			sourceTree = "<group>";
		};
		B6FA3BDE27B1AFC30007E0AA /* DeporteTests */ = {
			isa = PBXGroup;
			children = (
				B6FA3BE927B1B47D0007E0AA /* AllTeamsForLeagueTests.swift */,
				B6FA3BE727B1B14E0007E0AA /* AllLeaguesTests.swift */,
				B6FA3BDF27B1AFC30007E0AA /* DeporteTests.swift */,
				B6FA3BE127B1AFC30007E0AA /* Info.plist */,
			);
			path = DeporteTests;
			sourceTree = "<group>";
		};
		D8714B8070B4A28CBFF50108 /* Pods */ = {
			isa = PBXGroup;
			children = (
				C3C59F565D10D5BBDE52C0B5 /* Pods-Deporte.debug.xcconfig */,
				231CEE56EE24545B8C39B2DB /* Pods-Deporte.release.xcconfig */,
			);
			path = Pods;
			sourceTree = "<group>";
		};
/* End PBXGroup section */

/* Begin PBXNativeTarget section */
		B61F7F5827A419AD002C014F /* Deporte */ = {
			isa = PBXNativeTarget;
			buildConfigurationList = B61F7F7027A419AE002C014F /* Build configuration list for PBXNativeTarget "Deporte" */;
			buildPhases = (
				48BC9AD17930972604723ED1 /* [CP] Check Pods Manifest.lock */,
				B61F7F5527A419AD002C014F /* Sources */,
				B61F7F5627A419AD002C014F /* Frameworks */,
				B61F7F5727A419AD002C014F /* Resources */,
				2F0D127A0B1AB7658A1F171D /* [CP] Embed Pods Frameworks */,
			);
			buildRules = (
			);
			dependencies = (
			);
			name = Deporte;
			productName = Deporte;
			productReference = B61F7F5927A419AD002C014F /* Deporte.app */;
			productType = "com.apple.product-type.application";
		};
		B6FA3BDC27B1AFC30007E0AA /* DeporteTests */ = {
			isa = PBXNativeTarget;
			buildConfigurationList = B6FA3BE627B1AFC30007E0AA /* Build configuration list for PBXNativeTarget "DeporteTests" */;
			buildPhases = (
				B6FA3BD927B1AFC30007E0AA /* Sources */,
				B6FA3BDA27B1AFC30007E0AA /* Frameworks */,
				B6FA3BDB27B1AFC30007E0AA /* Resources */,
			);
			buildRules = (
			);
			dependencies = (
				B6FA3BE327B1AFC30007E0AA /* PBXTargetDependency */,
			);
			name = DeporteTests;
			productName = DeporteTests;
			productReference = B6FA3BDD27B1AFC30007E0AA /* DeporteTests.xctest */;
			productType = "com.apple.product-type.bundle.unit-test";
		};
/* End PBXNativeTarget section */

/* Begin PBXProject section */
		B61F7F5127A419AD002C014F /* Project object */ = {
			isa = PBXProject;
			attributes = {
				LastSwiftUpdateCheck = 1130;
				LastUpgradeCheck = 1130;
				ORGANIZATIONNAME = sandra;
				TargetAttributes = {
					B61F7F5827A419AD002C014F = {
						CreatedOnToolsVersion = 11.3.1;
					};
					B6FA3BDC27B1AFC30007E0AA = {
						CreatedOnToolsVersion = 11.3.1;
						TestTargetID = B61F7F5827A419AD002C014F;
					};
				};
			};
			buildConfigurationList = B61F7F5427A419AD002C014F /* Build configuration list for PBXProject "Deporte" */;
			compatibilityVersion = "Xcode 9.3";
			developmentRegion = en;
			hasScannedForEncodings = 0;
			knownRegions = (
				en,
				Base,
			);
			mainGroup = B61F7F5027A419AD002C014F;
			productRefGroup = B61F7F5A27A419AD002C014F /* Products */;
			projectDirPath = "";
			projectRoot = "";
			targets = (
				B61F7F5827A419AD002C014F /* Deporte */,
				B6FA3BDC27B1AFC30007E0AA /* DeporteTests */,
			);
		};
/* End PBXProject section */

/* Begin PBXResourcesBuildPhase section */
		B61F7F5727A419AD002C014F /* Resources */ = {
			isa = PBXResourcesBuildPhase;
			buildActionMask = 2147483647;
			files = (
				2B51A48627AA8BC000642B0F /* UpComingTableViewCell.xib in Resources */,
				2BFABF4227AB39050058919D /* arsenal.png in Resources */,
				2B51A48027AA8B0500642B0F /* LeagueDetails.storyboard in Resources */,
				B61F7F6C27A419AE002C014F /* LaunchScreen.storyboard in Resources */,
				2B51A49D27AA8CDB00642B0F /* TeamCollectionViewCell.xib in Resources */,
				2B51A48E27AA8C2500642B0F /* TeamsTableViewCell.xib in Resources */,
				B61F7F6927A419AE002C014F /* Assets.xcassets in Resources */,
				2BFABF4427AB396F0058919D /* chelsea.png in Resources */,
				2BFABF4027AB188B0058919D /* LatestEventCollectionViewCell.xib in Resources */,
				B61F7F6427A419AD002C014F /* Main.storyboard in Resources */,
				2B51A48A27AA8BE400642B0F /* LatestEventsTableViewCell.xib in Resources */,
				2B51A49527AA8CA200642B0F /* UpComingEventCollectionViewCell.xib in Resources */,
			);
			runOnlyForDeploymentPostprocessing = 0;
		};
		B6FA3BDB27B1AFC30007E0AA /* Resources */ = {
			isa = PBXResourcesBuildPhase;
			buildActionMask = 2147483647;
			files = (
			);
			runOnlyForDeploymentPostprocessing = 0;
		};
/* End PBXResourcesBuildPhase section */

/* Begin PBXShellScriptBuildPhase section */
		2F0D127A0B1AB7658A1F171D /* [CP] Embed Pods Frameworks */ = {
			isa = PBXShellScriptBuildPhase;
			buildActionMask = 2147483647;
			files = (
			);
			inputFileListPaths = (
				"${PODS_ROOT}/Target Support Files/Pods-Deporte/Pods-Deporte-frameworks-${CONFIGURATION}-input-files.xcfilelist",
			);
			name = "[CP] Embed Pods Frameworks";
			outputFileListPaths = (
				"${PODS_ROOT}/Target Support Files/Pods-Deporte/Pods-Deporte-frameworks-${CONFIGURATION}-output-files.xcfilelist",
			);
			runOnlyForDeploymentPostprocessing = 0;
			shellPath = /bin/sh;
			shellScript = "\"${PODS_ROOT}/Target Support Files/Pods-Deporte/Pods-Deporte-frameworks.sh\"\n";
			showEnvVarsInLog = 0;
		};
		48BC9AD17930972604723ED1 /* [CP] Check Pods Manifest.lock */ = {
			isa = PBXShellScriptBuildPhase;
			buildActionMask = 2147483647;
			files = (
			);
			inputFileListPaths = (
			);
			inputPaths = (
				"${PODS_PODFILE_DIR_PATH}/Podfile.lock",
				"${PODS_ROOT}/Manifest.lock",
			);
			name = "[CP] Check Pods Manifest.lock";
			outputFileListPaths = (
			);
			outputPaths = (
				"$(DERIVED_FILE_DIR)/Pods-Deporte-checkManifestLockResult.txt",
			);
			runOnlyForDeploymentPostprocessing = 0;
			shellPath = /bin/sh;
			shellScript = "diff \"${PODS_PODFILE_DIR_PATH}/Podfile.lock\" \"${PODS_ROOT}/Manifest.lock\" > /dev/null\nif [ $? != 0 ] ; then\n    # print error to STDERR\n    echo \"error: The sandbox is not in sync with the Podfile.lock. Run 'pod install' or update your CocoaPods installation.\" >&2\n    exit 1\nfi\n# This output is used by Xcode 'outputs' to avoid re-running this script phase.\necho \"SUCCESS\" > \"${SCRIPT_OUTPUT_FILE_0}\"\n";
			showEnvVarsInLog = 0;
		};
/* End PBXShellScriptBuildPhase section */

/* Begin PBXSourcesBuildPhase section */
		B61F7F5527A419AD002C014F /* Sources */ = {
			isa = PBXSourcesBuildPhase;
			buildActionMask = 2147483647;
			files = (
				B61F7F5D27A419AD002C014F /* AppDelegate.swift in Sources */,
				B6C772F627A9EE89005A6821 /* AllSportsAPI.swift in Sources */,
				2BEA57C227ABE3260062ECBE /* LeagueDetailsViewController.swift in Sources */,
				B6C772F827AA010A005A6821 /* LeaguesPresenter.swift in Sources */,
				B6D2C5A027A49A890047D06A /* Sport.swift in Sources */,
				B6C7730127AA0618005A6821 /* LeaguesNetworking.swift in Sources */,
				2B51A48527AA8BC000642B0F /* UpComingTableViewCell.swift in Sources */,
				B69859B927ADC29200E65C90 /* Team.swift in Sources */,
				2B51A49427AA8CA200642B0F /* UpComingEventCollectionViewCell.swift in Sources */,
				2B51A48927AA8BE400642B0F /* LatestEventsTableViewCell.swift in Sources */,
				B6D2C5A027A49A890047D06A /* Sport.swift in Sources */,
				B628A7D527AC896300700DFA /* HomeVCExtention+Functions.swift in Sources */,
				2B51A48D27AA8C2500642B0F /* TeamsTableViewCell.swift in Sources */,
				B61F7F5F27A419AD002C014F /* SceneDelegate.swift in Sources */,
				B6C772EF27A9D724005A6821 /* TargetType.swift in Sources */,
				B628A7D327AC891B00700DFA /* TabBarVCExtention.swift in Sources */,
				B69859C827ADED9A00E65C90 /* LeagueDetailsVCExtension.swift in Sources */,
				B628A7DC27AC8B1600700DFA /* LeaguesVCExtension.swift in Sources */,
				B60A3D2F27A8133100BAE168 /* HomePresenter.swift in Sources */,
				B61F7F7A27A44804002C014F /* HomeSportsViewController.swift in Sources */,
				2BEA57CC27AE79760062ECBE /* LeagueDetailsPresenter.swift in Sources */,
				B69859BB27ADC67C00E65C90 /* TeamsAPI.swift in Sources */,
				B61C3A0027A462C100B2C8AA /* SportsCollectionViewCell.swift in Sources */,
				2BFABF3F27AB188B0058919D /* LatestEventCollectionViewCell.swift in Sources */,
				2BEA57DF27B07EB00062ECBE /* HelperExtensions.swift in Sources */,
				2BEA57D327AE95240062ECBE /* UpComingEventsAPI.swift in Sources */,
				B628A7CF27AC883B00700DFA /* HomeVCExtension.swift in Sources */,
				B6C7730327AA0916005A6821 /* LeaguesAPI.swift in Sources */,
				2BEA57D727AEB8660062ECBE /* LatestEventsNetworking.swift in Sources */,
				B61F7F6727A419AD002C014F /* Deporte.xcdatamodeld in Sources */,
				2BEA57D927AEE2C90062ECBE /* LatestEventsAPI.swift in Sources */,
				B6B09B9927A60B7A0024F5C7 /* LeaguesTableViewCell.swift in Sources */,
				2BEA57D127AE7BDB0062ECBE /* UpComingEventsNetworking.swift in Sources */,
				B6C772ED27A9D6FA005A6821 /* BaseAPI.swift in Sources */,
				B69859C527ADECEA00E65C90 /* TeamDetailsVCExtension.swift in Sources */,
				B61F7F7C27A448C7002C014F /* FavouritesTableViewController.swift in Sources */,
				B6D0783F27AB6BAD00D87580 /* NetworkMonitor.swift in Sources */,
				B60A3D3927A8ABAA00BAE168 /* UIView.swift in Sources */,
				B69859BD27ADC6D100E65C90 /* TeamsNetworking.swift in Sources */,
				B6C772FA27AA018F005A6821 /* Marks.swift in Sources */,
				2BEA57D527AEB1CB0062ECBE /* EventResponse.swift in Sources */,
				B61C39FE27A4608600B2C8AA /* TabBarVC.swift in Sources */,
				2B51A49C27AA8CDB00642B0F /* TeamCollectionViewCell.swift in Sources */,
				B61F7F7E27A449EA002C014F /* LeaguesTableViewController.swift in Sources */,
				B6C772F227A9EA55005A6821 /* AllSportsNetworking.swift in Sources */,
				B6D2C5A227A4A64B0047D06A /* FavTableViewCell.swift in Sources */,
				B6C772FF27AA03A1005A6821 /* League.swift in Sources */,
				2BEA57C627ABEDBD0062ECBE /* TeamDetailsViewController.swift in Sources */,
				B628A7D927AC8A2F00700DFA /* FavVCExtension.swift in Sources */,
				B6C772F427A9EA82005A6821 /* Constants.swift in Sources */,
				B69859BF27ADCB8100E65C90 /* TeamPresenter.swift in Sources */,
			);
			runOnlyForDeploymentPostprocessing = 0;
		};
		B6FA3BD927B1AFC30007E0AA /* Sources */ = {
			isa = PBXSourcesBuildPhase;
			buildActionMask = 2147483647;
			files = (
				B6FA3BE827B1B14E0007E0AA /* AllLeaguesTests.swift in Sources */,
				B6FA3BEA27B1B47D0007E0AA /* AllTeamsForLeagueTests.swift in Sources */,
				B6FA3BE027B1AFC30007E0AA /* DeporteTests.swift in Sources */,
			);
			runOnlyForDeploymentPostprocessing = 0;
		};
/* End PBXSourcesBuildPhase section */

/* Begin PBXTargetDependency section */
		B6FA3BE327B1AFC30007E0AA /* PBXTargetDependency */ = {
			isa = PBXTargetDependency;
			target = B61F7F5827A419AD002C014F /* Deporte */;
			targetProxy = B6FA3BE227B1AFC30007E0AA /* PBXContainerItemProxy */;
		};
/* End PBXTargetDependency section */

/* Begin PBXVariantGroup section */
		B61F7F6227A419AD002C014F /* Main.storyboard */ = {
			isa = PBXVariantGroup;
			children = (
				B61F7F6327A419AD002C014F /* Base */,
			);
			name = Main.storyboard;
			sourceTree = "<group>";
		};
		B61F7F6A27A419AE002C014F /* LaunchScreen.storyboard */ = {
			isa = PBXVariantGroup;
			children = (
				B61F7F6B27A419AE002C014F /* Base */,
			);
			name = LaunchScreen.storyboard;
			sourceTree = "<group>";
		};
/* End PBXVariantGroup section */

/* Begin XCBuildConfiguration section */
		B61F7F6E27A419AE002C014F /* Debug */ = {
			isa = XCBuildConfiguration;
			buildSettings = {
				ALWAYS_SEARCH_USER_PATHS = NO;
				CLANG_ANALYZER_NONNULL = YES;
				CLANG_ANALYZER_NUMBER_OBJECT_CONVERSION = YES_AGGRESSIVE;
				CLANG_CXX_LANGUAGE_STANDARD = "gnu++14";
				CLANG_CXX_LIBRARY = "libc++";
				CLANG_ENABLE_MODULES = YES;
				CLANG_ENABLE_OBJC_ARC = YES;
				CLANG_ENABLE_OBJC_WEAK = YES;
				CLANG_WARN_BLOCK_CAPTURE_AUTORELEASING = YES;
				CLANG_WARN_BOOL_CONVERSION = YES;
				CLANG_WARN_COMMA = YES;
				CLANG_WARN_CONSTANT_CONVERSION = YES;
				CLANG_WARN_DEPRECATED_OBJC_IMPLEMENTATIONS = YES;
				CLANG_WARN_DIRECT_OBJC_ISA_USAGE = YES_ERROR;
				CLANG_WARN_DOCUMENTATION_COMMENTS = YES;
				CLANG_WARN_EMPTY_BODY = YES;
				CLANG_WARN_ENUM_CONVERSION = YES;
				CLANG_WARN_INFINITE_RECURSION = YES;
				CLANG_WARN_INT_CONVERSION = YES;
				CLANG_WARN_NON_LITERAL_NULL_CONVERSION = YES;
				CLANG_WARN_OBJC_IMPLICIT_RETAIN_SELF = YES;
				CLANG_WARN_OBJC_LITERAL_CONVERSION = YES;
				CLANG_WARN_OBJC_ROOT_CLASS = YES_ERROR;
				CLANG_WARN_RANGE_LOOP_ANALYSIS = YES;
				CLANG_WARN_STRICT_PROTOTYPES = YES;
				CLANG_WARN_SUSPICIOUS_MOVE = YES;
				CLANG_WARN_UNGUARDED_AVAILABILITY = YES_AGGRESSIVE;
				CLANG_WARN_UNREACHABLE_CODE = YES;
				CLANG_WARN__DUPLICATE_METHOD_MATCH = YES;
				COPY_PHASE_STRIP = NO;
				DEBUG_INFORMATION_FORMAT = dwarf;
				ENABLE_STRICT_OBJC_MSGSEND = YES;
				ENABLE_TESTABILITY = YES;
				GCC_C_LANGUAGE_STANDARD = gnu11;
				GCC_DYNAMIC_NO_PIC = NO;
				GCC_NO_COMMON_BLOCKS = YES;
				GCC_OPTIMIZATION_LEVEL = 0;
				GCC_PREPROCESSOR_DEFINITIONS = (
					"DEBUG=1",
					"$(inherited)",
				);
				GCC_WARN_64_TO_32_BIT_CONVERSION = YES;
				GCC_WARN_ABOUT_RETURN_TYPE = YES_ERROR;
				GCC_WARN_UNDECLARED_SELECTOR = YES;
				GCC_WARN_UNINITIALIZED_AUTOS = YES_AGGRESSIVE;
				GCC_WARN_UNUSED_FUNCTION = YES;
				GCC_WARN_UNUSED_VARIABLE = YES;
				IPHONEOS_DEPLOYMENT_TARGET = 13.2;
				MTL_ENABLE_DEBUG_INFO = INCLUDE_SOURCE;
				MTL_FAST_MATH = YES;
				ONLY_ACTIVE_ARCH = YES;
				SDKROOT = iphoneos;
				SWIFT_ACTIVE_COMPILATION_CONDITIONS = DEBUG;
				SWIFT_OPTIMIZATION_LEVEL = "-Onone";
			};
			name = Debug;
		};
		B61F7F6F27A419AE002C014F /* Release */ = {
			isa = XCBuildConfiguration;
			buildSettings = {
				ALWAYS_SEARCH_USER_PATHS = NO;
				CLANG_ANALYZER_NONNULL = YES;
				CLANG_ANALYZER_NUMBER_OBJECT_CONVERSION = YES_AGGRESSIVE;
				CLANG_CXX_LANGUAGE_STANDARD = "gnu++14";
				CLANG_CXX_LIBRARY = "libc++";
				CLANG_ENABLE_MODULES = YES;
				CLANG_ENABLE_OBJC_ARC = YES;
				CLANG_ENABLE_OBJC_WEAK = YES;
				CLANG_WARN_BLOCK_CAPTURE_AUTORELEASING = YES;
				CLANG_WARN_BOOL_CONVERSION = YES;
				CLANG_WARN_COMMA = YES;
				CLANG_WARN_CONSTANT_CONVERSION = YES;
				CLANG_WARN_DEPRECATED_OBJC_IMPLEMENTATIONS = YES;
				CLANG_WARN_DIRECT_OBJC_ISA_USAGE = YES_ERROR;
				CLANG_WARN_DOCUMENTATION_COMMENTS = YES;
				CLANG_WARN_EMPTY_BODY = YES;
				CLANG_WARN_ENUM_CONVERSION = YES;
				CLANG_WARN_INFINITE_RECURSION = YES;
				CLANG_WARN_INT_CONVERSION = YES;
				CLANG_WARN_NON_LITERAL_NULL_CONVERSION = YES;
				CLANG_WARN_OBJC_IMPLICIT_RETAIN_SELF = YES;
				CLANG_WARN_OBJC_LITERAL_CONVERSION = YES;
				CLANG_WARN_OBJC_ROOT_CLASS = YES_ERROR;
				CLANG_WARN_RANGE_LOOP_ANALYSIS = YES;
				CLANG_WARN_STRICT_PROTOTYPES = YES;
				CLANG_WARN_SUSPICIOUS_MOVE = YES;
				CLANG_WARN_UNGUARDED_AVAILABILITY = YES_AGGRESSIVE;
				CLANG_WARN_UNREACHABLE_CODE = YES;
				CLANG_WARN__DUPLICATE_METHOD_MATCH = YES;
				COPY_PHASE_STRIP = NO;
				DEBUG_INFORMATION_FORMAT = "dwarf-with-dsym";
				ENABLE_NS_ASSERTIONS = NO;
				ENABLE_STRICT_OBJC_MSGSEND = YES;
				GCC_C_LANGUAGE_STANDARD = gnu11;
				GCC_NO_COMMON_BLOCKS = YES;
				GCC_WARN_64_TO_32_BIT_CONVERSION = YES;
				GCC_WARN_ABOUT_RETURN_TYPE = YES_ERROR;
				GCC_WARN_UNDECLARED_SELECTOR = YES;
				GCC_WARN_UNINITIALIZED_AUTOS = YES_AGGRESSIVE;
				GCC_WARN_UNUSED_FUNCTION = YES;
				GCC_WARN_UNUSED_VARIABLE = YES;
				IPHONEOS_DEPLOYMENT_TARGET = 13.2;
				MTL_ENABLE_DEBUG_INFO = NO;
				MTL_FAST_MATH = YES;
				SDKROOT = iphoneos;
				SWIFT_COMPILATION_MODE = wholemodule;
				SWIFT_OPTIMIZATION_LEVEL = "-O";
				VALIDATE_PRODUCT = YES;
			};
			name = Release;
		};
		B61F7F7127A419AE002C014F /* Debug */ = {
			isa = XCBuildConfiguration;
			baseConfigurationReference = C3C59F565D10D5BBDE52C0B5 /* Pods-Deporte.debug.xcconfig */;
			buildSettings = {
				ASSETCATALOG_COMPILER_APPICON_NAME = AppIcon;
				CODE_SIGN_STYLE = Automatic;
				INFOPLIST_FILE = Deporte/Info.plist;
				LD_RUNPATH_SEARCH_PATHS = (
					"$(inherited)",
					"@executable_path/Frameworks",
				);
				PRODUCT_BUNDLE_IDENTIFIER = swift.Deporte;
				PRODUCT_NAME = "$(TARGET_NAME)";
				SWIFT_VERSION = 5.0;
				TARGETED_DEVICE_FAMILY = "1,2";
			};
			name = Debug;
		};
		B61F7F7227A419AE002C014F /* Release */ = {
			isa = XCBuildConfiguration;
			baseConfigurationReference = 231CEE56EE24545B8C39B2DB /* Pods-Deporte.release.xcconfig */;
			buildSettings = {
				ASSETCATALOG_COMPILER_APPICON_NAME = AppIcon;
				CODE_SIGN_STYLE = Automatic;
				INFOPLIST_FILE = Deporte/Info.plist;
				LD_RUNPATH_SEARCH_PATHS = (
					"$(inherited)",
					"@executable_path/Frameworks",
				);
				PRODUCT_BUNDLE_IDENTIFIER = swift.Deporte;
				PRODUCT_NAME = "$(TARGET_NAME)";
				SWIFT_VERSION = 5.0;
				TARGETED_DEVICE_FAMILY = "1,2";
			};
			name = Release;
		};
		B6FA3BE427B1AFC30007E0AA /* Debug */ = {
			isa = XCBuildConfiguration;
			buildSettings = {
				BUNDLE_LOADER = "$(TEST_HOST)";
				CODE_SIGN_STYLE = Automatic;
				INFOPLIST_FILE = DeporteTests/Info.plist;
				LD_RUNPATH_SEARCH_PATHS = (
					"$(inherited)",
					"@executable_path/Frameworks",
					"@loader_path/Frameworks",
				);
				PRODUCT_BUNDLE_IDENTIFIER = swift.DeporteTests;
				PRODUCT_NAME = "$(TARGET_NAME)";
				SWIFT_VERSION = 5.0;
				TARGETED_DEVICE_FAMILY = "1,2";
				TEST_HOST = "$(BUILT_PRODUCTS_DIR)/Deporte.app/Deporte";
			};
			name = Debug;
		};
		B6FA3BE527B1AFC30007E0AA /* Release */ = {
			isa = XCBuildConfiguration;
			buildSettings = {
				BUNDLE_LOADER = "$(TEST_HOST)";
				CODE_SIGN_STYLE = Automatic;
				INFOPLIST_FILE = DeporteTests/Info.plist;
				LD_RUNPATH_SEARCH_PATHS = (
					"$(inherited)",
					"@executable_path/Frameworks",
					"@loader_path/Frameworks",
				);
				PRODUCT_BUNDLE_IDENTIFIER = swift.DeporteTests;
				PRODUCT_NAME = "$(TARGET_NAME)";
				SWIFT_VERSION = 5.0;
				TARGETED_DEVICE_FAMILY = "1,2";
				TEST_HOST = "$(BUILT_PRODUCTS_DIR)/Deporte.app/Deporte";
			};
			name = Release;
		};
/* End XCBuildConfiguration section */

/* Begin XCConfigurationList section */
		B61F7F5427A419AD002C014F /* Build configuration list for PBXProject "Deporte" */ = {
			isa = XCConfigurationList;
			buildConfigurations = (
				B61F7F6E27A419AE002C014F /* Debug */,
				B61F7F6F27A419AE002C014F /* Release */,
			);
			defaultConfigurationIsVisible = 0;
			defaultConfigurationName = Release;
		};
		B61F7F7027A419AE002C014F /* Build configuration list for PBXNativeTarget "Deporte" */ = {
			isa = XCConfigurationList;
			buildConfigurations = (
				B61F7F7127A419AE002C014F /* Debug */,
				B61F7F7227A419AE002C014F /* Release */,
			);
			defaultConfigurationIsVisible = 0;
			defaultConfigurationName = Release;
		};
		B6FA3BE627B1AFC30007E0AA /* Build configuration list for PBXNativeTarget "DeporteTests" */ = {
			isa = XCConfigurationList;
			buildConfigurations = (
				B6FA3BE427B1AFC30007E0AA /* Debug */,
				B6FA3BE527B1AFC30007E0AA /* Release */,
			);
			defaultConfigurationIsVisible = 0;
			defaultConfigurationName = Release;
		};
/* End XCConfigurationList section */

/* Begin XCVersionGroup section */
		B61F7F6527A419AD002C014F /* Deporte.xcdatamodeld */ = {
			isa = XCVersionGroup;
			children = (
				B61F7F6627A419AD002C014F /* Deporte.xcdatamodel */,
			);
			currentVersion = B61F7F6627A419AD002C014F /* Deporte.xcdatamodel */;
			path = Deporte.xcdatamodeld;
			sourceTree = "<group>";
			versionGroupType = wrapper.xcdatamodel;
		};
/* End XCVersionGroup section */
	};
	rootObject = B61F7F5127A419AD002C014F /* Project object */;
}
